
Microsoft Visual Studio Solution File, Format Version 11.00
# Visual Studio 2010
# SharpDevelop 4.4
Project("{FAE04EC0-301F-11D3-BF4B-00C04F79EFBC}") = "SecretSanta.Ui.Console", "SecretSanta.Ui.Console\SecretSanta.Ui.Console.csproj", "{8F5D3804-F5CC-48B4-BDBF-EADC1E29B051}"
EndProject
Project("{FAE04EC0-301F-11D3-BF4B-00C04F79EFBC}") = "SecretSanta.Core", "SecretSanta.Core\SecretSanta.Core.csproj", "{BB5DCD8D-756A-4397-826C-A51437EF36FB}"
EndProject
Global
	GlobalSection(SolutionConfigurationPlatforms) = preSolution
		Debug|Any CPU = Debug|Any CPU
		Release|Any CPU = Release|Any CPU
	EndGlobalSection
	GlobalSection(ProjectConfigurationPlatforms) = postSolution
		{8F5D3804-F5CC-48B4-BDBF-EADC1E29B051}.Debug|Any CPU.Build.0 = Debug|Any CPU
		{8F5D3804-F5CC-48B4-BDBF-EADC1E29B051}.Debug|Any CPU.ActiveCfg = Debug|Any CPU
		{8F5D3804-F5CC-48B4-BDBF-EADC1E29B051}.Release|Any CPU.Build.0 = Release|Any CPU
		{8F5D3804-F5CC-48B4-BDBF-EADC1E29B051}.Release|Any CPU.ActiveCfg = Release|Any CPU
		{BB5DCD8D-756A-4397-826C-A51437EF36FB}.Debug|Any CPU.Build.0 = Debug|Any CPU
		{BB5DCD8D-756A-4397-826C-A51437EF36FB}.Debug|Any CPU.ActiveCfg = Debug|Any CPU
		{BB5DCD8D-756A-4397-826C-A51437EF36FB}.Release|Any CPU.Build.0 = Release|Any CPU
		{BB5DCD8D-756A-4397-826C-A51437EF36FB}.Release|Any CPU.ActiveCfg = Release|Any CPU
	EndGlobalSection
EndGlobal
